// !$*UTF8*$!
{
	archiveVersion = 1;
	classes = {
	};
	objectVersion = 48;
	objects = {

/* Begin PBXBuildFile section */
		919487422005B1A800600613 /* AppDelegate.swift in Sources */ = {isa = PBXBuildFile; fileRef = 919487412005B1A800600613 /* AppDelegate.swift */; };
		919487442005B1A800600613 /* ViewController.swift in Sources */ = {isa = PBXBuildFile; fileRef = 919487432005B1A800600613 /* ViewController.swift */; };
		919487472005B1A800600613 /* Main.storyboard in Resources */ = {isa = PBXBuildFile; fileRef = 919487452005B1A800600613 /* Main.storyboard */; };
		919487492005B1A800600613 /* Assets.xcassets in Resources */ = {isa = PBXBuildFile; fileRef = 919487482005B1A800600613 /* Assets.xcassets */; };
		9194874C2005B1A800600613 /* LaunchScreen.storyboard in Resources */ = {isa = PBXBuildFile; fileRef = 9194874A2005B1A800600613 /* LaunchScreen.storyboard */; };
		919487542005BB0C00600613 /* LoginTextField.swift in Sources */ = {isa = PBXBuildFile; fileRef = 919487532005BB0C00600613 /* LoginTextField.swift */; };
		919487592005BF8400600613 /* Utiles.swift in Sources */ = {isa = PBXBuildFile; fileRef = 919487582005BF8400600613 /* Utiles.swift */; };
		9194875B2005C8C700600613 /* LoginBtn.swift in Sources */ = {isa = PBXBuildFile; fileRef = 9194875A2005C8C700600613 /* LoginBtn.swift */; };
		91DB4D9B20070C48001367D5 /* RegisterTextField.swift in Sources */ = {isa = PBXBuildFile; fileRef = 91DB4D9A20070C48001367D5 /* RegisterTextField.swift */; };
/* End PBXBuildFile section */

/* Begin PBXFileReference section */
		9194873E2005B1A800600613 /* pocketFactory.app */ = {isa = PBXFileReference; explicitFileType = wrapper.application; includeInIndex = 0; path = pocketFactory.app; sourceTree = BUILT_PRODUCTS_DIR; };
		919487412005B1A800600613 /* AppDelegate.swift */ = {isa = PBXFileReference; lastKnownFileType = sourcecode.swift; path = AppDelegate.swift; sourceTree = "<group>"; };
		919487432005B1A800600613 /* ViewController.swift */ = {isa = PBXFileReference; lastKnownFileType = sourcecode.swift; path = ViewController.swift; sourceTree = "<group>"; };
		919487462005B1A800600613 /* Base */ = {isa = PBXFileReference; lastKnownFileType = file.storyboard; name = Base; path = Base.lproj/Main.storyboard; sourceTree = "<group>"; };
		919487482005B1A800600613 /* Assets.xcassets */ = {isa = PBXFileReference; lastKnownFileType = folder.assetcatalog; path = Assets.xcassets; sourceTree = "<group>"; };
		9194874B2005B1A800600613 /* Base */ = {isa = PBXFileReference; lastKnownFileType = file.storyboard; name = Base; path = Base.lproj/LaunchScreen.storyboard; sourceTree = "<group>"; };
		9194874D2005B1A800600613 /* Info.plist */ = {isa = PBXFileReference; lastKnownFileType = text.plist.xml; path = Info.plist; sourceTree = "<group>"; };
		919487532005BB0C00600613 /* LoginTextField.swift */ = {isa = PBXFileReference; lastKnownFileType = sourcecode.swift; name = LoginTextField.swift; path = Style/LoginTextField.swift; sourceTree = "<group>"; };
		919487582005BF8400600613 /* Utiles.swift */ = {isa = PBXFileReference; lastKnownFileType = sourcecode.swift; name = Utiles.swift; path = Helper/Utiles.swift; sourceTree = "<group>"; };
		9194875A2005C8C700600613 /* LoginBtn.swift */ = {isa = PBXFileReference; lastKnownFileType = sourcecode.swift; name = LoginBtn.swift; path = Style/LoginBtn.swift; sourceTree = "<group>"; };
		91DB4D9A20070C48001367D5 /* RegisterTextField.swift */ = {isa = PBXFileReference; lastKnownFileType = sourcecode.swift; name = RegisterTextField.swift; path = Style/RegisterTextField.swift; sourceTree = "<group>"; };
/* End PBXFileReference section */

/* Begin PBXFrameworksBuildPhase section */
		9194873B2005B1A800600613 /* Frameworks */ = {
			isa = PBXFrameworksBuildPhase;
			buildActionMask = 2147483647;
			files = (
			);
			runOnlyForDeploymentPostprocessing = 0;
		};
/* End PBXFrameworksBuildPhase section */

/* Begin PBXGroup section */
		919487352005B1A800600613 = {
			isa = PBXGroup;
			children = (
				919487402005B1A800600613 /* pocketFactory */,
				9194873F2005B1A800600613 /* Products */,
			);
			sourceTree = "<group>";
		};
		9194873F2005B1A800600613 /* Products */ = {
			isa = PBXGroup;
			children = (
				9194873E2005B1A800600613 /* pocketFactory.app */,
			);
			name = Products;
			sourceTree = "<group>";
		};
		919487402005B1A800600613 /* pocketFactory */ = {
			isa = PBXGroup;
			children = (
				919487572005BB9A00600613 /* ViewController */,
				919487562005BB5200600613 /* Helper */,
				919487552005BB3C00600613 /* Style */,
				919487412005B1A800600613 /* AppDelegate.swift */,
				919487452005B1A800600613 /* Main.storyboard */,
				919487482005B1A800600613 /* Assets.xcassets */,
				9194874A2005B1A800600613 /* LaunchScreen.storyboard */,
				9194874D2005B1A800600613 /* Info.plist */,
			);
			path = pocketFactory;
			sourceTree = "<group>";
		};
		919487552005BB3C00600613 /* Style */ = {
			isa = PBXGroup;
			children = (
				919487532005BB0C00600613 /* LoginTextField.swift */,
				9194875A2005C8C700600613 /* LoginBtn.swift */,
				91DB4D9A20070C48001367D5 /* RegisterTextField.swift */,
			);
			name = Style;
			sourceTree = "<group>";
		};
		919487562005BB5200600613 /* Helper */ = {
			isa = PBXGroup;
			children = (
				919487582005BF8400600613 /* Utiles.swift */,
			);
			name = Helper;
			sourceTree = "<group>";
		};
		919487572005BB9A00600613 /* ViewController */ = {
			isa = PBXGroup;
			children = (
				919487432005B1A800600613 /* ViewController.swift */,
			);
			path = ViewController;
			sourceTree = "<group>";
		};
/* End PBXGroup section */

/* Begin PBXNativeTarget section */
		9194873D2005B1A800600613 /* pocketFactory */ = {
			isa = PBXNativeTarget;
			buildConfigurationList = 919487502005B1A800600613 /* Build configuration list for PBXNativeTarget "pocketFactory" */;
			buildPhases = (
				9194873A2005B1A800600613 /* Sources */,
				9194873B2005B1A800600613 /* Frameworks */,
				9194873C2005B1A800600613 /* Resources */,
			);
			buildRules = (
			);
			dependencies = (
			);
			name = pocketFactory;
			productName = pocketFactory;
			productReference = 9194873E2005B1A800600613 /* pocketFactory.app */;
			productType = "com.apple.product-type.application";
		};
/* End PBXNativeTarget section */

/* Begin PBXProject section */
		919487362005B1A800600613 /* Project object */ = {
			isa = PBXProject;
			attributes = {
				LastSwiftUpdateCheck = 0920;
				LastUpgradeCheck = 0920;
				ORGANIZATIONNAME = fangming;
				TargetAttributes = {
					9194873D2005B1A800600613 = {
						CreatedOnToolsVersion = 9.2;
						ProvisioningStyle = Automatic;
					};
				};
			};
			buildConfigurationList = 919487392005B1A800600613 /* Build configuration list for PBXProject "pocketFactory" */;
			compatibilityVersion = "Xcode 8.0";
			developmentRegion = en;
			hasScannedForEncodings = 0;
			knownRegions = (
				en,
				Base,
			);
			mainGroup = 919487352005B1A800600613;
			productRefGroup = 9194873F2005B1A800600613 /* Products */;
			projectDirPath = "";
			projectRoot = "";
			targets = (
				9194873D2005B1A800600613 /* pocketFactory */,
			);
		};
/* End PBXProject section */

/* Begin PBXResourcesBuildPhase section */
		9194873C2005B1A800600613 /* Resources */ = {
			isa = PBXResourcesBuildPhase;
			buildActionMask = 2147483647;
			files = (
				9194874C2005B1A800600613 /* LaunchScreen.storyboard in Resources */,
				919487492005B1A800600613 /* Assets.xcassets in Resources */,
				919487472005B1A800600613 /* Main.storyboard in Resources */,
			);
			runOnlyForDeploymentPostprocessing = 0;
		};
/* End PBXResourcesBuildPhase section */

/* Begin PBXSourcesBuildPhase section */
		9194873A2005B1A800600613 /* Sources */ = {
			isa = PBXSourcesBuildPhase;
			buildActionMask = 2147483647;
			files = (
				919487542005BB0C00600613 /* LoginTextField.swift in Sources */,
				919487592005BF8400600613 /* Utiles.swift in Sources */,
				91DB4D9B20070C48001367D5 /* RegisterTextField.swift in Sources */,
				919487442005B1A800600613 /* ViewController.swift in Sources */,
				919487422005B1A800600613 /* AppDelegate.swift in Sources */,
				9194875B2005C8C700600613 /* LoginBtn.swift in Sources */,
			);
			runOnlyForDeploymentPostprocessing = 0;
		};
/* End PBXSourcesBuildPhase section */

/* Begin PBXVariantGroup section */
		919487452005B1A800600613 /* Main.storyboard */ = {
			isa = PBXVariantGroup;
			children = (
				919487462005B1A800600613 /* Base */,
			);
			name = Main.storyboard;
			sourceTree = "<group>";
		};
		9194874A2005B1A800600613 /* LaunchScreen.storyboard */ = {
			isa = PBXVariantGroup;
			children = (
				9194874B2005B1A800600613 /* Base */,
			);
			name = LaunchScreen.storyboard;
			sourceTree = "<group>";
		};
/* End PBXVariantGroup section */

/* Begin XCBuildConfiguration section */
		9194874E2005B1A800600613 /* Debug */ = {
			isa = XCBuildConfiguration;
			buildSettings = {
				ALWAYS_SEARCH_USER_PATHS = NO;
				CLANG_ANALYZER_NONNULL = YES;
				CLANG_ANALYZER_NUMBER_OBJECT_CONVERSION = YES_AGGRESSIVE;
				CLANG_CXX_LANGUAGE_STANDARD = "gnu++14";
				CLANG_CXX_LIBRARY = "libc++";
				CLANG_ENABLE_MODULES = YES;
				CLANG_ENABLE_OBJC_ARC = YES;
				CLANG_WARN_BLOCK_CAPTURE_AUTORELEASING = YES;
				CLANG_WARN_BOOL_CONVERSION = YES;
				CLANG_WARN_COMMA = YES;
				CLANG_WARN_CONSTANT_CONVERSION = YES;
				CLANG_WARN_DIRECT_OBJC_ISA_USAGE = YES_ERROR;
				CLANG_WARN_DOCUMENTATION_COMMENTS = YES;
				CLANG_WARN_EMPTY_BODY = YES;
				CLANG_WARN_ENUM_CONVERSION = YES;
				CLANG_WARN_INFINITE_RECURSION = YES;
				CLANG_WARN_INT_CONVERSION = YES;
				CLANG_WARN_NON_LITERAL_NULL_CONVERSION = YES;
				CLANG_WARN_OBJC_LITERAL_CONVERSION = YES;
				CLANG_WARN_OBJC_ROOT_CLASS = YES_ERROR;
				CLANG_WARN_RANGE_LOOP_ANALYSIS = YES;
				CLANG_WARN_STRICT_PROTOTYPES = YES;
				CLANG_WARN_SUSPICIOUS_MOVE = YES;
				CLANG_WARN_UNGUARDED_AVAILABILITY = YES_AGGRESSIVE;
				CLANG_WARN_UNREACHABLE_CODE = YES;
				CLANG_WARN__DUPLICATE_METHOD_MATCH = YES;
				CODE_SIGN_IDENTITY = "iPhone Developer";
				COPY_PHASE_STRIP = NO;
				DEBUG_INFORMATION_FORMAT = dwarf;
				ENABLE_STRICT_OBJC_MSGSEND = YES;
				ENABLE_TESTABILITY = YES;
				GCC_C_LANGUAGE_STANDARD = gnu11;
				GCC_DYNAMIC_NO_PIC = NO;
				GCC_NO_COMMON_BLOCKS = YES;
				GCC_OPTIMIZATION_LEVEL = 0;
				GCC_PREPROCESSOR_DEFINITIONS = (
					"DEBUG=1",
					"$(inherited)",
				);
				GCC_WARN_64_TO_32_BIT_CONVERSION = YES;
				GCC_WARN_ABOUT_RETURN_TYPE = YES_ERROR;
				GCC_WARN_UNDECLARED_SELECTOR = YES;
				GCC_WARN_UNINITIALIZED_AUTOS = YES_AGGRESSIVE;
				GCC_WARN_UNUSED_FUNCTION = YES;
				GCC_WARN_UNUSED_VARIABLE = YES;
				IPHONEOS_DEPLOYMENT_TARGET = 11.2;
				MTL_ENABLE_DEBUG_INFO = YES;
				ONLY_ACTIVE_ARCH = YES;
				SDKROOT = iphoneos;
				SWIFT_ACTIVE_COMPILATION_CONDITIONS = DEBUG;
				SWIFT_OPTIMIZATION_LEVEL = "-Onone";
			};
			name = Debug;
		};
		9194874F2005B1A800600613 /* Release */ = {
			isa = XCBuildConfiguration;
			buildSettings = {
				ALWAYS_SEARCH_USER_PATHS = NO;
				CLANG_ANALYZER_NONNULL = YES;
				CLANG_ANALYZER_NUMBER_OBJECT_CONVERSION = YES_AGGRESSIVE;
				CLANG_CXX_LANGUAGE_STANDARD = "gnu++14";
				CLANG_CXX_LIBRARY = "libc++";
				CLANG_ENABLE_MODULES = YES;
				CLANG_ENABLE_OBJC_ARC = YES;
				CLANG_WARN_BLOCK_CAPTURE_AUTORELEASING = YES;
				CLANG_WARN_BOOL_CONVERSION = YES;
				CLANG_WARN_COMMA = YES;
				CLANG_WARN_CONSTANT_CONVERSION = YES;
				CLANG_WARN_DIRECT_OBJC_ISA_USAGE = YES_ERROR;
				CLANG_WARN_DOCUMENTATION_COMMENTS = YES;
				CLANG_WARN_EMPTY_BODY = YES;
				CLANG_WARN_ENUM_CONVERSION = YES;
				CLANG_WARN_INFINITE_RECURSION = YES;
				CLANG_WARN_INT_CONVERSION = YES;
				CLANG_WARN_NON_LITERAL_NULL_CONVERSION = YES;
				CLANG_WARN_OBJC_LITERAL_CONVERSION = YES;
				CLANG_WARN_OBJC_ROOT_CLASS = YES_ERROR;
				CLANG_WARN_RANGE_LOOP_ANALYSIS = YES;
				CLANG_WARN_STRICT_PROTOTYPES = YES;
				CLANG_WARN_SUSPICIOUS_MOVE = YES;
				CLANG_WARN_UNGUARDED_AVAILABILITY = YES_AGGRESSIVE;
				CLANG_WARN_UNREACHABLE_CODE = YES;
				CLANG_WARN__DUPLICATE_METHOD_MATCH = YES;
				CODE_SIGN_IDENTITY = "iPhone Developer";
				COPY_PHASE_STRIP = NO;
				DEBUG_INFORMATION_FORMAT = "dwarf-with-dsym";
				ENABLE_NS_ASSERTIONS = NO;
				ENABLE_STRICT_OBJC_MSGSEND = YES;
				GCC_C_LANGUAGE_STANDARD = gnu11;
				GCC_NO_COMMON_BLOCKS = YES;
				GCC_WARN_64_TO_32_BIT_CONVERSION = YES;
				GCC_WARN_ABOUT_RETURN_TYPE = YES_ERROR;
				GCC_WARN_UNDECLARED_SELECTOR = YES;
				GCC_WARN_UNINITIALIZED_AUTOS = YES_AGGRESSIVE;
				GCC_WARN_UNUSED_FUNCTION = YES;
				GCC_WARN_UNUSED_VARIABLE = YES;
				IPHONEOS_DEPLOYMENT_TARGET = 11.2;
				MTL_ENABLE_DEBUG_INFO = NO;
				SDKROOT = iphoneos;
				SWIFT_OPTIMIZATION_LEVEL = "-Owholemodule";
				VALIDATE_PRODUCT = YES;
			};
			name = Release;
		};
		919487512005B1A800600613 /* Debug */ = {
			isa = XCBuildConfiguration;
			buildSettings = {
				ASSETCATALOG_COMPILER_APPICON_NAME = AppIcon;
				CODE_SIGN_STYLE = Automatic;
				DEVELOPMENT_TEAM = NK4455562X;
				INFOPLIST_FILE = pocketFactory/Info.plist;
				LD_RUNPATH_SEARCH_PATHS = "$(inherited) @executable_path/Frameworks";
				PRODUCT_BUNDLE_IDENTIFIER = com.fmning.pocketFactory;
				PRODUCT_NAME = "$(TARGET_NAME)";
				SWIFT_VERSION = 4.0;
				TARGETED_DEVICE_FAMILY = "1,2";
			};
			name = Debug;
		};
		919487522005B1A800600613 /* Release */ = {
			isa = XCBuildConfiguration;
			buildSettings = {
				ASSETCATALOG_COMPILER_APPICON_NAME = AppIcon;
				CODE_SIGN_STYLE = Automatic;
				DEVELOPMENT_TEAM = NK4455562X;
				INFOPLIST_FILE = pocketFactory/Info.plist;
				LD_RUNPATH_SEARCH_PATHS = "$(inherited) @executable_path/Frameworks";
				PRODUCT_BUNDLE_IDENTIFIER = com.fmning.pocketFactory;
				PRODUCT_NAME = "$(TARGET_NAME)";
				SWIFT_VERSION = 4.0;
				TARGETED_DEVICE_FAMILY = "1,2";
			};
			name = Release;
		};
/* End XCBuildConfiguration section */

/* Begin XCConfigurationList section */
		919487392005B1A800600613 /* Build configuration list for PBXProject "pocketFactory" */ = {
			isa = XCConfigurationList;
			buildConfigurations = (
				9194874E2005B1A800600613 /* Debug */,
				9194874F2005B1A800600613 /* Release */,
			);
			defaultConfigurationIsVisible = 0;
			defaultConfigurationName = Release;
		};
		919487502005B1A800600613 /* Build configuration list for PBXNativeTarget "pocketFactory" */ = {
			isa = XCConfigurationList;
			buildConfigurations = (
				919487512005B1A800600613 /* Debug */,
				919487522005B1A800600613 /* Release */,
			);
			defaultConfigurationIsVisible = 0;
			defaultConfigurationName = Release;
		};
/* End XCConfigurationList section */
	};
	rootObject = 919487362005B1A800600613 /* Project object */;
}
