// !$*UTF8*$!
{
	archiveVersion = 1;
	classes = {
	};
	objectVersion = 48;
	objects = {

/* Begin PBXBuildFile section */
		911106222093D0E70079BA03 /* Role.swift in Sources */ = {isa = PBXBuildFile; fileRef = 911106212093D0E70079BA03 /* Role.swift */; };
		9111062920963ADA0079BA03 /* ManageMainVC.swift in Sources */ = {isa = PBXBuildFile; fileRef = 9111061F2093A7630079BA03 /* ManageMainVC.swift */; };
		9111062B20965D7F0079BA03 /* ProductManager.swift in Sources */ = {isa = PBXBuildFile; fileRef = 9111062A20965D7F0079BA03 /* ProductManager.swift */; };
		9111062E20965DD50079BA03 /* Product.swift in Sources */ = {isa = PBXBuildFile; fileRef = 9111062D20965DD50079BA03 /* Product.swift */; };
		9111063020965DF20079BA03 /* RoleManager.swift in Sources */ = {isa = PBXBuildFile; fileRef = 9111062F20965DF20079BA03 /* RoleManager.swift */; };
		911FE6CB208EACD300F58736 /* Localizable.strings in Resources */ = {isa = PBXBuildFile; fileRef = 911FE6C9208EACD300F58736 /* Localizable.strings */; };
		911FE6D2208EB0F200F58736 /* InfoPlist.strings in Resources */ = {isa = PBXBuildFile; fileRef = 911FE6D4208EB0F200F58736 /* InfoPlist.strings */; };
		911FE6DE208EDEFA00F58736 /* User.swift in Sources */ = {isa = PBXBuildFile; fileRef = 911FE6DD208EDEFA00F58736 /* User.swift */; };
		916D2DB2208CC99100018CB6 /* UserManager.swift in Sources */ = {isa = PBXBuildFile; fileRef = 916D2DB1208CC99100018CB6 /* UserManager.swift */; };
		9185275E208304E900F0D090 /* RegEmailVC.swift in Sources */ = {isa = PBXBuildFile; fileRef = 9185275D208304E900F0D090 /* RegEmailVC.swift */; };
		918527602083094C00F0D090 /* RegUserInfoVC.swift in Sources */ = {isa = PBXBuildFile; fileRef = 9185275F2083094C00F0D090 /* RegUserInfoVC.swift */; };
		919487422005B1A800600613 /* AppDelegate.swift in Sources */ = {isa = PBXBuildFile; fileRef = 919487412005B1A800600613 /* AppDelegate.swift */; };
		919487442005B1A800600613 /* LoginVC.swift in Sources */ = {isa = PBXBuildFile; fileRef = 919487432005B1A800600613 /* LoginVC.swift */; };
		919487472005B1A800600613 /* Main.storyboard in Resources */ = {isa = PBXBuildFile; fileRef = 919487452005B1A800600613 /* Main.storyboard */; };
		919487492005B1A800600613 /* Assets.xcassets in Resources */ = {isa = PBXBuildFile; fileRef = 919487482005B1A800600613 /* Assets.xcassets */; };
		9194874C2005B1A800600613 /* LaunchScreen.storyboard in Resources */ = {isa = PBXBuildFile; fileRef = 9194874A2005B1A800600613 /* LaunchScreen.storyboard */; };
		919487542005BB0C00600613 /* LoginTextField.swift in Sources */ = {isa = PBXBuildFile; fileRef = 919487532005BB0C00600613 /* LoginTextField.swift */; };
		919487592005BF8400600613 /* Utiles.swift in Sources */ = {isa = PBXBuildFile; fileRef = 919487582005BF8400600613 /* Utiles.swift */; };
		9194875B2005C8C700600613 /* LoginBtn.swift in Sources */ = {isa = PBXBuildFile; fileRef = 9194875A2005C8C700600613 /* LoginBtn.swift */; };
		91DB4D9B20070C48001367D5 /* RegisterTextField.swift in Sources */ = {isa = PBXBuildFile; fileRef = 91DB4D9A20070C48001367D5 /* RegisterTextField.swift */; };
		91DB4D9E2007EDE4001367D5 /* GetCodeBtn.swift in Sources */ = {isa = PBXBuildFile; fileRef = 91DB4D9D2007EDE4001367D5 /* GetCodeBtn.swift */; };
		91E2F4F42009B685000B5806 /* RegCodeSignUpVC.swift in Sources */ = {isa = PBXBuildFile; fileRef = 91E2F4F32009B685000B5806 /* RegCodeSignUpVC.swift */; };
		E925B55793D376384F985625 /* Pods_pocketFactory.framework in Frameworks */ = {isa = PBXBuildFile; fileRef = 02AF3894155A3764CA3E9B82 /* Pods_pocketFactory.framework */; };
/* End PBXBuildFile section */

/* Begin PBXFileReference section */
		02AF3894155A3764CA3E9B82 /* Pods_pocketFactory.framework */ = {isa = PBXFileReference; explicitFileType = wrapper.framework; includeInIndex = 0; path = Pods_pocketFactory.framework; sourceTree = BUILT_PRODUCTS_DIR; };
		3AA096DDF2BC7748E754E32A /* Pods-pocketFactory.debug.xcconfig */ = {isa = PBXFileReference; includeInIndex = 1; lastKnownFileType = text.xcconfig; name = "Pods-pocketFactory.debug.xcconfig"; path = "Pods/Target Support Files/Pods-pocketFactory/Pods-pocketFactory.debug.xcconfig"; sourceTree = "<group>"; };
		90012D10A879E60EA9DBA904 /* Pods-pocketFactory.release.xcconfig */ = {isa = PBXFileReference; includeInIndex = 1; lastKnownFileType = text.xcconfig; name = "Pods-pocketFactory.release.xcconfig"; path = "Pods/Target Support Files/Pods-pocketFactory/Pods-pocketFactory.release.xcconfig"; sourceTree = "<group>"; };
		9111061F2093A7630079BA03 /* ManageMainVC.swift */ = {isa = PBXFileReference; lastKnownFileType = sourcecode.swift; path = ManageMainVC.swift; sourceTree = "<group>"; };
		911106212093D0E70079BA03 /* Role.swift */ = {isa = PBXFileReference; lastKnownFileType = sourcecode.swift; name = Role.swift; path = Data/Role.swift; sourceTree = "<group>"; };
		9111062A20965D7F0079BA03 /* ProductManager.swift */ = {isa = PBXFileReference; lastKnownFileType = sourcecode.swift; name = ProductManager.swift; path = WebService/ProductManager.swift; sourceTree = "<group>"; };
		9111062D20965DD50079BA03 /* Product.swift */ = {isa = PBXFileReference; lastKnownFileType = sourcecode.swift; name = Product.swift; path = Data/Product.swift; sourceTree = "<group>"; };
		9111062F20965DF20079BA03 /* RoleManager.swift */ = {isa = PBXFileReference; lastKnownFileType = sourcecode.swift; path = RoleManager.swift; sourceTree = "<group>"; };
		911FE6CA208EACD300F58736 /* en */ = {isa = PBXFileReference; lastKnownFileType = text.plist.strings; name = en; path = en.lproj/Localizable.strings; sourceTree = "<group>"; };
		911FE6CE208EAE9100F58736 /* zh-Hans */ = {isa = PBXFileReference; lastKnownFileType = text.plist.strings; name = "zh-Hans"; path = "zh-Hans.lproj/LaunchScreen.strings"; sourceTree = "<group>"; };
		911FE6CF208EAE9200F58736 /* zh-Hans */ = {isa = PBXFileReference; lastKnownFileType = text.plist.strings; name = "zh-Hans"; path = "zh-Hans.lproj/Localizable.strings"; sourceTree = "<group>"; };
		911FE6D3208EB0F200F58736 /* en */ = {isa = PBXFileReference; lastKnownFileType = text.plist.strings; name = en; path = en.lproj/InfoPlist.strings; sourceTree = "<group>"; };
		911FE6D5208EB0F300F58736 /* zh-Hans */ = {isa = PBXFileReference; lastKnownFileType = text.plist.strings; name = "zh-Hans"; path = "zh-Hans.lproj/InfoPlist.strings"; sourceTree = "<group>"; };
		911FE6DA208EC04900F58736 /* en */ = {isa = PBXFileReference; lastKnownFileType = text.plist.strings; name = en; path = en.lproj/Main.strings; sourceTree = "<group>"; };
		911FE6DB208EC04B00F58736 /* zh-Hans */ = {isa = PBXFileReference; lastKnownFileType = text.plist.strings; name = "zh-Hans"; path = "zh-Hans.lproj/Main.strings"; sourceTree = "<group>"; };
		911FE6DD208EDEFA00F58736 /* User.swift */ = {isa = PBXFileReference; lastKnownFileType = sourcecode.swift; name = User.swift; path = Data/User.swift; sourceTree = "<group>"; };
		916D2DB1208CC99100018CB6 /* UserManager.swift */ = {isa = PBXFileReference; lastKnownFileType = sourcecode.swift; name = UserManager.swift; path = WebService/UserManager.swift; sourceTree = "<group>"; };
		9185275D208304E900F0D090 /* RegEmailVC.swift */ = {isa = PBXFileReference; lastKnownFileType = sourcecode.swift; path = RegEmailVC.swift; sourceTree = "<group>"; };
		9185275F2083094C00F0D090 /* RegUserInfoVC.swift */ = {isa = PBXFileReference; lastKnownFileType = sourcecode.swift; path = RegUserInfoVC.swift; sourceTree = "<group>"; };
		9194873E2005B1A800600613 /* pocketFactory.app */ = {isa = PBXFileReference; explicitFileType = wrapper.application; includeInIndex = 0; path = pocketFactory.app; sourceTree = BUILT_PRODUCTS_DIR; };
		919487412005B1A800600613 /* AppDelegate.swift */ = {isa = PBXFileReference; lastKnownFileType = sourcecode.swift; path = AppDelegate.swift; sourceTree = "<group>"; };
		919487432005B1A800600613 /* LoginVC.swift */ = {isa = PBXFileReference; lastKnownFileType = sourcecode.swift; path = LoginVC.swift; sourceTree = "<group>"; };
		919487462005B1A800600613 /* Base */ = {isa = PBXFileReference; lastKnownFileType = file.storyboard; name = Base; path = Base.lproj/Main.storyboard; sourceTree = "<group>"; };
		919487482005B1A800600613 /* Assets.xcassets */ = {isa = PBXFileReference; lastKnownFileType = folder.assetcatalog; path = Assets.xcassets; sourceTree = "<group>"; };
		9194874B2005B1A800600613 /* Base */ = {isa = PBXFileReference; lastKnownFileType = file.storyboard; name = Base; path = Base.lproj/LaunchScreen.storyboard; sourceTree = "<group>"; };
		9194874D2005B1A800600613 /* Info.plist */ = {isa = PBXFileReference; lastKnownFileType = text.plist.xml; path = Info.plist; sourceTree = "<group>"; };
		919487532005BB0C00600613 /* LoginTextField.swift */ = {isa = PBXFileReference; lastKnownFileType = sourcecode.swift; name = LoginTextField.swift; path = Style/TextField/LoginTextField.swift; sourceTree = "<group>"; };
		919487582005BF8400600613 /* Utiles.swift */ = {isa = PBXFileReference; lastKnownFileType = sourcecode.swift; name = Utiles.swift; path = Helper/Utiles.swift; sourceTree = "<group>"; };
		9194875A2005C8C700600613 /* LoginBtn.swift */ = {isa = PBXFileReference; lastKnownFileType = sourcecode.swift; name = LoginBtn.swift; path = Style/Btn/LoginBtn.swift; sourceTree = "<group>"; };
		91DB4D9A20070C48001367D5 /* RegisterTextField.swift */ = {isa = PBXFileReference; lastKnownFileType = sourcecode.swift; name = RegisterTextField.swift; path = Style/TextField/RegisterTextField.swift; sourceTree = "<group>"; };
		91DB4D9D2007EDE4001367D5 /* GetCodeBtn.swift */ = {isa = PBXFileReference; lastKnownFileType = sourcecode.swift; name = GetCodeBtn.swift; path = Style/Btn/GetCodeBtn.swift; sourceTree = "<group>"; };
		91E2F4F32009B685000B5806 /* RegCodeSignUpVC.swift */ = {isa = PBXFileReference; lastKnownFileType = sourcecode.swift; path = RegCodeSignUpVC.swift; sourceTree = "<group>"; };
/* End PBXFileReference section */

/* Begin PBXFrameworksBuildPhase section */
		9194873B2005B1A800600613 /* Frameworks */ = {
			isa = PBXFrameworksBuildPhase;
			buildActionMask = 2147483647;
			files = (
				E925B55793D376384F985625 /* Pods_pocketFactory.framework in Frameworks */,
			);
			runOnlyForDeploymentPostprocessing = 0;
		};
/* End PBXFrameworksBuildPhase section */

/* Begin PBXGroup section */
		376361150F84B5DF347BCD4A /* Frameworks */ = {
			isa = PBXGroup;
			children = (
				02AF3894155A3764CA3E9B82 /* Pods_pocketFactory.framework */,
			);
			name = Frameworks;
			sourceTree = "<group>";
		};
		91110624209424D80079BA03 /* TableCell */ = {
			isa = PBXGroup;
			children = (
			);
			path = TableCell;
			sourceTree = "<group>";
		};
		911FE6DC208EDDEE00F58736 /* Data */ = {
			isa = PBXGroup;
			children = (
				911FE6DD208EDEFA00F58736 /* User.swift */,
				911106212093D0E70079BA03 /* Role.swift */,
				9111062D20965DD50079BA03 /* Product.swift */,
			);
			name = Data;
			sourceTree = "<group>";
		};
		916D2DB0208CC93200018CB6 /* WebService */ = {
			isa = PBXGroup;
			children = (
				916D2DB1208CC99100018CB6 /* UserManager.swift */,
				9111062A20965D7F0079BA03 /* ProductManager.swift */,
				9111062F20965DF20079BA03 /* RoleManager.swift */,
			);
			name = WebService;
			sourceTree = "<group>";
		};
		919487352005B1A800600613 = {
			isa = PBXGroup;
			children = (
				919487402005B1A800600613 /* pocketFactory */,
				9194873F2005B1A800600613 /* Products */,
				9827CB3AC863218120A68BDB /* Pods */,
				376361150F84B5DF347BCD4A /* Frameworks */,
			);
			sourceTree = "<group>";
		};
		9194873F2005B1A800600613 /* Products */ = {
			isa = PBXGroup;
			children = (
				9194873E2005B1A800600613 /* pocketFactory.app */,
			);
			name = Products;
			sourceTree = "<group>";
		};
		919487402005B1A800600613 /* pocketFactory */ = {
			isa = PBXGroup;
			children = (
				91110624209424D80079BA03 /* TableCell */,
				911FE6DC208EDDEE00F58736 /* Data */,
				916D2DB0208CC93200018CB6 /* WebService */,
				919487572005BB9A00600613 /* ViewController */,
				919487562005BB5200600613 /* Helper */,
				919487552005BB3C00600613 /* Style */,
				919487412005B1A800600613 /* AppDelegate.swift */,
				919487452005B1A800600613 /* Main.storyboard */,
				911FE6C9208EACD300F58736 /* Localizable.strings */,
				919487482005B1A800600613 /* Assets.xcassets */,
				9194874A2005B1A800600613 /* LaunchScreen.storyboard */,
				9194874D2005B1A800600613 /* Info.plist */,
				911FE6D4208EB0F200F58736 /* InfoPlist.strings */,
			);
			path = pocketFactory;
			sourceTree = "<group>";
		};
		919487552005BB3C00600613 /* Style */ = {
			isa = PBXGroup;
			children = (
				91DB4DA02007EE39001367D5 /* Btn */,
				91DB4D9F2007EE2F001367D5 /* TextField */,
			);
			name = Style;
			sourceTree = "<group>";
		};
		919487562005BB5200600613 /* Helper */ = {
			isa = PBXGroup;
			children = (
				919487582005BF8400600613 /* Utiles.swift */,
			);
			name = Helper;
			sourceTree = "<group>";
		};
		919487572005BB9A00600613 /* ViewController */ = {
			isa = PBXGroup;
			children = (
				919487432005B1A800600613 /* LoginVC.swift */,
				91E2F4F32009B685000B5806 /* RegCodeSignUpVC.swift */,
				9185275D208304E900F0D090 /* RegEmailVC.swift */,
				9185275F2083094C00F0D090 /* RegUserInfoVC.swift */,
				9111061F2093A7630079BA03 /* ManageMainVC.swift */,
			);
			path = ViewController;
			sourceTree = "<group>";
		};
		91DB4D9F2007EE2F001367D5 /* TextField */ = {
			isa = PBXGroup;
			children = (
				91DB4D9A20070C48001367D5 /* RegisterTextField.swift */,
				919487532005BB0C00600613 /* LoginTextField.swift */,
			);
			name = TextField;
			sourceTree = "<group>";
		};
		91DB4DA02007EE39001367D5 /* Btn */ = {
			isa = PBXGroup;
			children = (
				91DB4D9D2007EDE4001367D5 /* GetCodeBtn.swift */,
				9194875A2005C8C700600613 /* LoginBtn.swift */,
			);
			name = Btn;
			sourceTree = "<group>";
		};
		9827CB3AC863218120A68BDB /* Pods */ = {
			isa = PBXGroup;
			children = (
				3AA096DDF2BC7748E754E32A /* Pods-pocketFactory.debug.xcconfig */,
				90012D10A879E60EA9DBA904 /* Pods-pocketFactory.release.xcconfig */,
			);
			name = Pods;
			sourceTree = "<group>";
		};
/* End PBXGroup section */

/* Begin PBXNativeTarget section */
		9194873D2005B1A800600613 /* pocketFactory */ = {
			isa = PBXNativeTarget;
			buildConfigurationList = 919487502005B1A800600613 /* Build configuration list for PBXNativeTarget "pocketFactory" */;
			buildPhases = (
				33C47AD1DD059E5663D3885C /* [CP] Check Pods Manifest.lock */,
				9194873A2005B1A800600613 /* Sources */,
				9194873B2005B1A800600613 /* Frameworks */,
				9194873C2005B1A800600613 /* Resources */,
				57F3F29AF24ECEDC6487AB7D /* [CP] Embed Pods Frameworks */,
				0005BF7831D95B1193241C89 /* [CP] Copy Pods Resources */,
			);
			buildRules = (
			);
			dependencies = (
			);
			name = pocketFactory;
			productName = pocketFactory;
			productReference = 9194873E2005B1A800600613 /* pocketFactory.app */;
			productType = "com.apple.product-type.application";
		};
/* End PBXNativeTarget section */

/* Begin PBXProject section */
		919487362005B1A800600613 /* Project object */ = {
			isa = PBXProject;
			attributes = {
				LastSwiftUpdateCheck = 0920;
				LastUpgradeCheck = 0920;
				ORGANIZATIONNAME = fangming;
				TargetAttributes = {
					9194873D2005B1A800600613 = {
						CreatedOnToolsVersion = 9.2;
						ProvisioningStyle = Automatic;
					};
				};
			};
			buildConfigurationList = 919487392005B1A800600613 /* Build configuration list for PBXProject "pocketFactory" */;
			compatibilityVersion = "Xcode 8.0";
			developmentRegion = en;
			hasScannedForEncodings = 0;
			knownRegions = (
				en,
				Base,
				"zh-Hans",
			);
			mainGroup = 919487352005B1A800600613;
			productRefGroup = 9194873F2005B1A800600613 /* Products */;
			projectDirPath = "";
			projectRoot = "";
			targets = (
				9194873D2005B1A800600613 /* pocketFactory */,
			);
		};
/* End PBXProject section */

/* Begin PBXResourcesBuildPhase section */
		9194873C2005B1A800600613 /* Resources */ = {
			isa = PBXResourcesBuildPhase;
			buildActionMask = 2147483647;
			files = (
				9194874C2005B1A800600613 /* LaunchScreen.storyboard in Resources */,
				911FE6CB208EACD300F58736 /* Localizable.strings in Resources */,
				919487492005B1A800600613 /* Assets.xcassets in Resources */,
				919487472005B1A800600613 /* Main.storyboard in Resources */,
				911FE6D2208EB0F200F58736 /* InfoPlist.strings in Resources */,
			);
			runOnlyForDeploymentPostprocessing = 0;
		};
/* End PBXResourcesBuildPhase section */

/* Begin PBXShellScriptBuildPhase section */
		0005BF7831D95B1193241C89 /* [CP] Copy Pods Resources */ = {
			isa = PBXShellScriptBuildPhase;
			buildActionMask = 2147483647;
			files = (
			);
			inputPaths = (
			);
			name = "[CP] Copy Pods Resources";
			outputPaths = (
			);
			runOnlyForDeploymentPostprocessing = 0;
			shellPath = /bin/sh;
			shellScript = "\"${SRCROOT}/Pods/Target Support Files/Pods-pocketFactory/Pods-pocketFactory-resources.sh\"\n";
			showEnvVarsInLog = 0;
		};
		33C47AD1DD059E5663D3885C /* [CP] Check Pods Manifest.lock */ = {
			isa = PBXShellScriptBuildPhase;
			buildActionMask = 2147483647;
			files = (
			);
			inputPaths = (
				"${PODS_PODFILE_DIR_PATH}/Podfile.lock",
				"${PODS_ROOT}/Manifest.lock",
			);
			name = "[CP] Check Pods Manifest.lock";
			outputPaths = (
				"$(DERIVED_FILE_DIR)/Pods-pocketFactory-checkManifestLockResult.txt",
			);
			runOnlyForDeploymentPostprocessing = 0;
			shellPath = /bin/sh;
			shellScript = "diff \"${PODS_PODFILE_DIR_PATH}/Podfile.lock\" \"${PODS_ROOT}/Manifest.lock\" > /dev/null\nif [ $? != 0 ] ; then\n    # print error to STDERR\n    echo \"error: The sandbox is not in sync with the Podfile.lock. Run 'pod install' or update your CocoaPods installation.\" >&2\n    exit 1\nfi\n# This output is used by Xcode 'outputs' to avoid re-running this script phase.\necho \"SUCCESS\" > \"${SCRIPT_OUTPUT_FILE_0}\"\n";
			showEnvVarsInLog = 0;
		};
		57F3F29AF24ECEDC6487AB7D /* [CP] Embed Pods Frameworks */ = {
			isa = PBXShellScriptBuildPhase;
			buildActionMask = 2147483647;
			files = (
			);
			inputPaths = (
				"${SRCROOT}/Pods/Target Support Files/Pods-pocketFactory/Pods-pocketFactory-frameworks.sh",
				"${BUILT_PRODUCTS_DIR}/Alamofire/Alamofire.framework",
			);
			name = "[CP] Embed Pods Frameworks";
			outputPaths = (
				"${TARGET_BUILD_DIR}/${FRAMEWORKS_FOLDER_PATH}/Alamofire.framework",
			);
			runOnlyForDeploymentPostprocessing = 0;
			shellPath = /bin/sh;
			shellScript = "\"${SRCROOT}/Pods/Target Support Files/Pods-pocketFactory/Pods-pocketFactory-frameworks.sh\"\n";
			showEnvVarsInLog = 0;
		};
/* End PBXShellScriptBuildPhase section */

/* Begin PBXSourcesBuildPhase section */
		9194873A2005B1A800600613 /* Sources */ = {
			isa = PBXSourcesBuildPhase;
			buildActionMask = 2147483647;
			files = (
				9111063020965DF20079BA03 /* RoleManager.swift in Sources */,
				9111062B20965D7F0079BA03 /* ProductManager.swift in Sources */,
				9111062920963ADA0079BA03 /* ManageMainVC.swift in Sources */,
				9185275E208304E900F0D090 /* RegEmailVC.swift in Sources */,
				911106222093D0E70079BA03 /* Role.swift in Sources */,
				91DB4D9E2007EDE4001367D5 /* GetCodeBtn.swift in Sources */,
				919487542005BB0C00600613 /* LoginTextField.swift in Sources */,
				91E2F4F42009B685000B5806 /* RegCodeSignUpVC.swift in Sources */,
				919487592005BF8400600613 /* Utiles.swift in Sources */,
				91DB4D9B20070C48001367D5 /* RegisterTextField.swift in Sources */,
				9111062E20965DD50079BA03 /* Product.swift in Sources */,
				911FE6DE208EDEFA00F58736 /* User.swift in Sources */,
				918527602083094C00F0D090 /* RegUserInfoVC.swift in Sources */,
				919487442005B1A800600613 /* LoginVC.swift in Sources */,
				916D2DB2208CC99100018CB6 /* UserManager.swift in Sources */,
				919487422005B1A800600613 /* AppDelegate.swift in Sources */,
				9194875B2005C8C700600613 /* LoginBtn.swift in Sources */,
			);
			runOnlyForDeploymentPostprocessing = 0;
		};
/* End PBXSourcesBuildPhase section */

/* Begin PBXVariantGroup section */
		911FE6C9208EACD300F58736 /* Localizable.strings */ = {
			isa = PBXVariantGroup;
			children = (
				911FE6CA208EACD300F58736 /* en */,
				911FE6CF208EAE9200F58736 /* zh-Hans */,
			);
			name = Localizable.strings;
			sourceTree = "<group>";
		};
		911FE6D4208EB0F200F58736 /* InfoPlist.strings */ = {
			isa = PBXVariantGroup;
			children = (
				911FE6D3208EB0F200F58736 /* en */,
				911FE6D5208EB0F300F58736 /* zh-Hans */,
			);
			name = InfoPlist.strings;
			sourceTree = "<group>";
		};
		919487452005B1A800600613 /* Main.storyboard */ = {
			isa = PBXVariantGroup;
			children = (
				919487462005B1A800600613 /* Base */,
				911FE6DA208EC04900F58736 /* en */,
				911FE6DB208EC04B00F58736 /* zh-Hans */,
			);
			name = Main.storyboard;
			sourceTree = "<group>";
		};
		9194874A2005B1A800600613 /* LaunchScreen.storyboard */ = {
			isa = PBXVariantGroup;
			children = (
				9194874B2005B1A800600613 /* Base */,
				911FE6CE208EAE9100F58736 /* zh-Hans */,
			);
			name = LaunchScreen.storyboard;
			sourceTree = "<group>";
		};
/* End PBXVariantGroup section */

/* Begin XCBuildConfiguration section */
		9194874E2005B1A800600613 /* Debug */ = {
			isa = XCBuildConfiguration;
			buildSettings = {
				ALWAYS_SEARCH_USER_PATHS = NO;
				CLANG_ANALYZER_LOCALIZABILITY_NONLOCALIZED = YES;
				CLANG_ANALYZER_NONNULL = YES;
				CLANG_ANALYZER_NUMBER_OBJECT_CONVERSION = YES_AGGRESSIVE;
				CLANG_CXX_LANGUAGE_STANDARD = "gnu++14";
				CLANG_CXX_LIBRARY = "libc++";
				CLANG_ENABLE_MODULES = YES;
				CLANG_ENABLE_OBJC_ARC = YES;
				CLANG_WARN_BLOCK_CAPTURE_AUTORELEASING = YES;
				CLANG_WARN_BOOL_CONVERSION = YES;
				CLANG_WARN_COMMA = YES;
				CLANG_WARN_CONSTANT_CONVERSION = YES;
				CLANG_WARN_DIRECT_OBJC_ISA_USAGE = YES_ERROR;
				CLANG_WARN_DOCUMENTATION_COMMENTS = YES;
				CLANG_WARN_EMPTY_BODY = YES;
				CLANG_WARN_ENUM_CONVERSION = YES;
				CLANG_WARN_INFINITE_RECURSION = YES;
				CLANG_WARN_INT_CONVERSION = YES;
				CLANG_WARN_NON_LITERAL_NULL_CONVERSION = YES;
				CLANG_WARN_OBJC_LITERAL_CONVERSION = YES;
				CLANG_WARN_OBJC_ROOT_CLASS = YES_ERROR;
				CLANG_WARN_RANGE_LOOP_ANALYSIS = YES;
				CLANG_WARN_STRICT_PROTOTYPES = YES;
				CLANG_WARN_SUSPICIOUS_MOVE = YES;
				CLANG_WARN_UNGUARDED_AVAILABILITY = YES_AGGRESSIVE;
				CLANG_WARN_UNREACHABLE_CODE = YES;
				CLANG_WARN__DUPLICATE_METHOD_MATCH = YES;
				CODE_SIGN_IDENTITY = "iPhone Developer";
				COPY_PHASE_STRIP = NO;
				DEBUG_INFORMATION_FORMAT = dwarf;
				ENABLE_STRICT_OBJC_MSGSEND = YES;
				ENABLE_TESTABILITY = YES;
				GCC_C_LANGUAGE_STANDARD = gnu11;
				GCC_DYNAMIC_NO_PIC = NO;
				GCC_NO_COMMON_BLOCKS = YES;
				GCC_OPTIMIZATION_LEVEL = 0;
				GCC_PREPROCESSOR_DEFINITIONS = (
					"DEBUG=1",
					"$(inherited)",
				);
				GCC_WARN_64_TO_32_BIT_CONVERSION = YES;
				GCC_WARN_ABOUT_RETURN_TYPE = YES_ERROR;
				GCC_WARN_UNDECLARED_SELECTOR = YES;
				GCC_WARN_UNINITIALIZED_AUTOS = YES_AGGRESSIVE;
				GCC_WARN_UNUSED_FUNCTION = YES;
				GCC_WARN_UNUSED_VARIABLE = YES;
				IPHONEOS_DEPLOYMENT_TARGET = 11.2;
				MTL_ENABLE_DEBUG_INFO = YES;
				ONLY_ACTIVE_ARCH = YES;
				SDKROOT = iphoneos;
				SWIFT_ACTIVE_COMPILATION_CONDITIONS = DEBUG;
				SWIFT_OPTIMIZATION_LEVEL = "-Onone";
			};
			name = Debug;
		};
		9194874F2005B1A800600613 /* Release */ = {
			isa = XCBuildConfiguration;
			buildSettings = {
				ALWAYS_SEARCH_USER_PATHS = NO;
				CLANG_ANALYZER_LOCALIZABILITY_NONLOCALIZED = YES;
				CLANG_ANALYZER_NONNULL = YES;
				CLANG_ANALYZER_NUMBER_OBJECT_CONVERSION = YES_AGGRESSIVE;
				CLANG_CXX_LANGUAGE_STANDARD = "gnu++14";
				CLANG_CXX_LIBRARY = "libc++";
				CLANG_ENABLE_MODULES = YES;
				CLANG_ENABLE_OBJC_ARC = YES;
				CLANG_WARN_BLOCK_CAPTURE_AUTORELEASING = YES;
				CLANG_WARN_BOOL_CONVERSION = YES;
				CLANG_WARN_COMMA = YES;
				CLANG_WARN_CONSTANT_CONVERSION = YES;
				CLANG_WARN_DIRECT_OBJC_ISA_USAGE = YES_ERROR;
				CLANG_WARN_DOCUMENTATION_COMMENTS = YES;
				CLANG_WARN_EMPTY_BODY = YES;
				CLANG_WARN_ENUM_CONVERSION = YES;
				CLANG_WARN_INFINITE_RECURSION = YES;
				CLANG_WARN_INT_CONVERSION = YES;
				CLANG_WARN_NON_LITERAL_NULL_CONVERSION = YES;
				CLANG_WARN_OBJC_LITERAL_CONVERSION = YES;
				CLANG_WARN_OBJC_ROOT_CLASS = YES_ERROR;
				CLANG_WARN_RANGE_LOOP_ANALYSIS = YES;
				CLANG_WARN_STRICT_PROTOTYPES = YES;
				CLANG_WARN_SUSPICIOUS_MOVE = YES;
				CLANG_WARN_UNGUARDED_AVAILABILITY = YES_AGGRESSIVE;
				CLANG_WARN_UNREACHABLE_CODE = YES;
				CLANG_WARN__DUPLICATE_METHOD_MATCH = YES;
				CODE_SIGN_IDENTITY = "iPhone Developer";
				COPY_PHASE_STRIP = NO;
				DEBUG_INFORMATION_FORMAT = "dwarf-with-dsym";
				ENABLE_NS_ASSERTIONS = NO;
				ENABLE_STRICT_OBJC_MSGSEND = YES;
				GCC_C_LANGUAGE_STANDARD = gnu11;
				GCC_NO_COMMON_BLOCKS = YES;
				GCC_WARN_64_TO_32_BIT_CONVERSION = YES;
				GCC_WARN_ABOUT_RETURN_TYPE = YES_ERROR;
				GCC_WARN_UNDECLARED_SELECTOR = YES;
				GCC_WARN_UNINITIALIZED_AUTOS = YES_AGGRESSIVE;
				GCC_WARN_UNUSED_FUNCTION = YES;
				GCC_WARN_UNUSED_VARIABLE = YES;
				IPHONEOS_DEPLOYMENT_TARGET = 11.2;
				MTL_ENABLE_DEBUG_INFO = NO;
				SDKROOT = iphoneos;
				SWIFT_OPTIMIZATION_LEVEL = "-Owholemodule";
				VALIDATE_PRODUCT = YES;
			};
			name = Release;
		};
		919487512005B1A800600613 /* Debug */ = {
			isa = XCBuildConfiguration;
			baseConfigurationReference = 3AA096DDF2BC7748E754E32A /* Pods-pocketFactory.debug.xcconfig */;
			buildSettings = {
				ASSETCATALOG_COMPILER_APPICON_NAME = AppIcon;
				CODE_SIGN_STYLE = Automatic;
				DEVELOPMENT_TEAM = NK4455562X;
				INFOPLIST_FILE = pocketFactory/Info.plist;
				LD_RUNPATH_SEARCH_PATHS = "$(inherited) @executable_path/Frameworks";
				PRODUCT_BUNDLE_IDENTIFIER = com.fmning.pocketFactory;
				PRODUCT_NAME = "$(TARGET_NAME)";
				SWIFT_VERSION = 4.0;
				TARGETED_DEVICE_FAMILY = "1,2";
			};
			name = Debug;
		};
		919487522005B1A800600613 /* Release */ = {
			isa = XCBuildConfiguration;
			baseConfigurationReference = 90012D10A879E60EA9DBA904 /* Pods-pocketFactory.release.xcconfig */;
			buildSettings = {
				ASSETCATALOG_COMPILER_APPICON_NAME = AppIcon;
				CODE_SIGN_STYLE = Automatic;
				DEVELOPMENT_TEAM = NK4455562X;
				INFOPLIST_FILE = pocketFactory/Info.plist;
				LD_RUNPATH_SEARCH_PATHS = "$(inherited) @executable_path/Frameworks";
				PRODUCT_BUNDLE_IDENTIFIER = com.fmning.pocketFactory;
				PRODUCT_NAME = "$(TARGET_NAME)";
				SWIFT_VERSION = 4.0;
				TARGETED_DEVICE_FAMILY = "1,2";
			};
			name = Release;
		};
/* End XCBuildConfiguration section */

/* Begin XCConfigurationList section */
		919487392005B1A800600613 /* Build configuration list for PBXProject "pocketFactory" */ = {
			isa = XCConfigurationList;
			buildConfigurations = (
				9194874E2005B1A800600613 /* Debug */,
				9194874F2005B1A800600613 /* Release */,
			);
			defaultConfigurationIsVisible = 0;
			defaultConfigurationName = Release;
		};
		919487502005B1A800600613 /* Build configuration list for PBXNativeTarget "pocketFactory" */ = {
			isa = XCConfigurationList;
			buildConfigurations = (
				919487512005B1A800600613 /* Debug */,
				919487522005B1A800600613 /* Release */,
			);
			defaultConfigurationIsVisible = 0;
			defaultConfigurationName = Release;
		};
/* End XCConfigurationList section */
	};
	rootObject = 919487362005B1A800600613 /* Project object */;
}
